
Microsoft Visual Studio Solution File, Format Version 12.00
Project("{FAE04EC0-301F-11D3-BF4B-00C04F79EFBC}") = "peopleapi", "peopleapi\peopleapi.csproj", "{146E977D-010C-4F6E-9658-8566FE12A8B8}"
EndProject
Project("{FAE04EC0-301F-11D3-BF4B-00C04F79EFBC}") = "locationsapi", "locationsapi\locationsapi.csproj", "{44170973-25E0-4B64-9FCB-EF50EA25CCFF}"
EndProject
Project("{FAE04EC0-301F-11D3-BF4B-00C04F79EFBC}") = "ConsoleApp1", "ConsoleApp1\ConsoleApp1.csproj", "{B4FC8BAA-B2CA-465C-9A26-B2935115F5A9}"
EndProject
Project("{FAE04EC0-301F-11D3-BF4B-00C04F79EFBC}") = "OpenTelemetry.WebApi", "OpenTelemetry.WebApi\OpenTelemetry.WebApi.csproj", "{D34D388E-367C-4D6A-A5C6-D844A46B78A1}"
EndProject
Global
	GlobalSection(SolutionConfigurationPlatforms) = preSolution
		Debug|Any CPU = Debug|Any CPU
		Release|Any CPU = Release|Any CPU
	EndGlobalSection
	GlobalSection(ProjectConfigurationPlatforms) = postSolution
		{146E977D-010C-4F6E-9658-8566FE12A8B8}.Debug|Any CPU.ActiveCfg = Debug|Any CPU
		{146E977D-010C-4F6E-9658-8566FE12A8B8}.Debug|Any CPU.Build.0 = Debug|Any CPU
		{146E977D-010C-4F6E-9658-8566FE12A8B8}.Release|Any CPU.ActiveCfg = Release|Any CPU
		{146E977D-010C-4F6E-9658-8566FE12A8B8}.Release|Any CPU.Build.0 = Release|Any CPU
		{44170973-25E0-4B64-9FCB-EF50EA25CCFF}.Debug|Any CPU.ActiveCfg = Debug|Any CPU
		{44170973-25E0-4B64-9FCB-EF50EA25CCFF}.Debug|Any CPU.Build.0 = Debug|Any CPU
		{44170973-25E0-4B64-9FCB-EF50EA25CCFF}.Release|Any CPU.ActiveCfg = Release|Any CPU
		{44170973-25E0-4B64-9FCB-EF50EA25CCFF}.Release|Any CPU.Build.0 = Release|Any CPU
		{B4FC8BAA-B2CA-465C-9A26-B2935115F5A9}.Debug|Any CPU.ActiveCfg = Debug|Any CPU
		{B4FC8BAA-B2CA-465C-9A26-B2935115F5A9}.Debug|Any CPU.Build.0 = Debug|Any CPU
		{B4FC8BAA-B2CA-465C-9A26-B2935115F5A9}.Release|Any CPU.ActiveCfg = Release|Any CPU
		{B4FC8BAA-B2CA-465C-9A26-B2935115F5A9}.Release|Any CPU.Build.0 = Release|Any CPU
		{D34D388E-367C-4D6A-A5C6-D844A46B78A1}.Debug|Any CPU.ActiveCfg = Debug|Any CPU
		{D34D388E-367C-4D6A-A5C6-D844A46B78A1}.Debug|Any CPU.Build.0 = Debug|Any CPU
		{D34D388E-367C-4D6A-A5C6-D844A46B78A1}.Release|Any CPU.ActiveCfg = Release|Any CPU
		{D34D388E-367C-4D6A-A5C6-D844A46B78A1}.Release|Any CPU.Build.0 = Release|Any CPU
	EndGlobalSection
EndGlobal
